
Microsoft Visual Studio Solution File, Format Version 12.00
# Visual Studio 2013
VisualStudioVersion = 12.0.40629.0
MinimumVisualStudioVersion = 10.0.40219.1
Project("{8BC9CEB8-8B4A-11D0-8D11-00A0C91BC942}") = "Sudoku", "Sudoku\Sudoku.vcxproj", "{B0C8040C-223D-4DBD-A9AB-7DA4CDF07DBB}"
EndProject
Global
	GlobalSection(SolutionConfigurationPlatforms) = preSolution
		Debug|Win32 = Debug|Win32
		Release|Win32 = Release|Win32
	EndGlobalSection
	GlobalSection(ProjectConfigurationPlatforms) = postSolution
		{B0C8040C-223D-4DBD-A9AB-7DA4CDF07DBB}.Debug|Win32.ActiveCfg = Debug|Win32
		{B0C8040C-223D-4DBD-A9AB-7DA4CDF07DBB}.Debug|Win32.Build.0 = Debug|Win32
		{B0C8040C-223D-4DBD-A9AB-7DA4CDF07DBB}.Release|Win32.ActiveCfg = Release|Win32
		{B0C8040C-223D-4DBD-A9AB-7DA4CDF07DBB}.Release|Win32.Build.0 = Release|Win32
	EndGlobalSection
	GlobalSection(SolutionProperties) = preSolution
		HideSolutionNode = FALSE
	EndGlobalSection
EndGlobal
